
Microsoft Visual Studio Solution File, Format Version 12.00
# Visual Studio Version 16
VisualStudioVersion = 16.0.31702.278
MinimumVisualStudioVersion = 10.0.40219.1
Project("{FAE04EC0-301F-11D3-BF4B-00C04F79EFBC}") = "TestArrayOrganizedChallenge", "TestArrayOrganizedChallenge\TestArrayOrganizedChallenge.csproj", "{5FC47DA2-64B4-46A7-848F-75E66329138A}"
EndProject
Project("{FAE04EC0-301F-11D3-BF4B-00C04F79EFBC}") = "TestUnitArrayReOrgfanizedChallenge", "TestUnitArrayReOrgfanizedChallenge\TestUnitArrayReOrgfanizedChallenge.csproj", "{C6F5B75B-AD7B-44F0-B77B-E68974E5AD9D}"
EndProject
Global
	GlobalSection(SolutionConfigurationPlatforms) = preSolution
		Debug|Any CPU = Debug|Any CPU
		Release|Any CPU = Release|Any CPU
	EndGlobalSection
	GlobalSection(ProjectConfigurationPlatforms) = postSolution
		{5FC47DA2-64B4-46A7-848F-75E66329138A}.Debug|Any CPU.ActiveCfg = Debug|Any CPU
		{5FC47DA2-64B4-46A7-848F-75E66329138A}.Debug|Any CPU.Build.0 = Debug|Any CPU
		{5FC47DA2-64B4-46A7-848F-75E66329138A}.Release|Any CPU.ActiveCfg = Release|Any CPU
		{5FC47DA2-64B4-46A7-848F-75E66329138A}.Release|Any CPU.Build.0 = Release|Any CPU
		{C6F5B75B-AD7B-44F0-B77B-E68974E5AD9D}.Debug|Any CPU.ActiveCfg = Debug|Any CPU
		{C6F5B75B-AD7B-44F0-B77B-E68974E5AD9D}.Debug|Any CPU.Build.0 = Debug|Any CPU
		{C6F5B75B-AD7B-44F0-B77B-E68974E5AD9D}.Release|Any CPU.ActiveCfg = Release|Any CPU
		{C6F5B75B-AD7B-44F0-B77B-E68974E5AD9D}.Release|Any CPU.Build.0 = Release|Any CPU
	EndGlobalSection
	GlobalSection(SolutionProperties) = preSolution
		HideSolutionNode = FALSE
	EndGlobalSection
	GlobalSection(ExtensibilityGlobals) = postSolution
		SolutionGuid = {346FC90B-ECF7-41D7-9323-C8F55303924B}
	EndGlobalSection
EndGlobal
